
Microsoft Visual Studio Solution File, Format Version 12.00
# Visual Studio Version 17
VisualStudioVersion = 17.11.35312.102
MinimumVisualStudioVersion = 10.0.40219.1
Project("{FAE04EC0-301F-11D3-BF4B-00C04F79EFBC}") = "PresentacionLayer", "PresentacionLayer\PresentacionLayer.csproj", "{7CBE2903-926E-4C71-BC54-D015AE8FB8F7}"
EndProject
Project("{FAE04EC0-301F-11D3-BF4B-00C04F79EFBC}") = "BussinesLayer", "LogicLayer\BussinesLayer.csproj", "{B3E6CAD9-B1CD-41D7-8B25-03D11C0F175A}"
EndProject
Project("{FAE04EC0-301F-11D3-BF4B-00C04F79EFBC}") = "DataLayer", "DataLayer\DataLayer.csproj", "{DC38C92D-922F-42F3-8A76-AE5DC90E2DAC}"
EndProject
Project("{FAE04EC0-301F-11D3-BF4B-00C04F79EFBC}") = "EntityLayer", "EntityLayer\EntityLayer.csproj", "{35162E1B-28BC-497B-8309-01BE64867020}"
EndProject
Global
	GlobalSection(SolutionConfigurationPlatforms) = preSolution
		Debug|Any CPU = Debug|Any CPU
		Release|Any CPU = Release|Any CPU
	EndGlobalSection
	GlobalSection(ProjectConfigurationPlatforms) = postSolution
		{7CBE2903-926E-4C71-BC54-D015AE8FB8F7}.Debug|Any CPU.ActiveCfg = Debug|Any CPU
		{7CBE2903-926E-4C71-BC54-D015AE8FB8F7}.Debug|Any CPU.Build.0 = Debug|Any CPU
		{7CBE2903-926E-4C71-BC54-D015AE8FB8F7}.Release|Any CPU.ActiveCfg = Release|Any CPU
		{7CBE2903-926E-4C71-BC54-D015AE8FB8F7}.Release|Any CPU.Build.0 = Release|Any CPU
		{B3E6CAD9-B1CD-41D7-8B25-03D11C0F175A}.Debug|Any CPU.ActiveCfg = Debug|Any CPU
		{B3E6CAD9-B1CD-41D7-8B25-03D11C0F175A}.Debug|Any CPU.Build.0 = Debug|Any CPU
		{B3E6CAD9-B1CD-41D7-8B25-03D11C0F175A}.Release|Any CPU.ActiveCfg = Release|Any CPU
		{B3E6CAD9-B1CD-41D7-8B25-03D11C0F175A}.Release|Any CPU.Build.0 = Release|Any CPU
		{DC38C92D-922F-42F3-8A76-AE5DC90E2DAC}.Debug|Any CPU.ActiveCfg = Debug|Any CPU
		{DC38C92D-922F-42F3-8A76-AE5DC90E2DAC}.Debug|Any CPU.Build.0 = Debug|Any CPU
		{DC38C92D-922F-42F3-8A76-AE5DC90E2DAC}.Release|Any CPU.ActiveCfg = Release|Any CPU
		{DC38C92D-922F-42F3-8A76-AE5DC90E2DAC}.Release|Any CPU.Build.0 = Release|Any CPU
		{35162E1B-28BC-497B-8309-01BE64867020}.Debug|Any CPU.ActiveCfg = Debug|Any CPU
		{35162E1B-28BC-497B-8309-01BE64867020}.Debug|Any CPU.Build.0 = Debug|Any CPU
		{35162E1B-28BC-497B-8309-01BE64867020}.Release|Any CPU.ActiveCfg = Release|Any CPU
		{35162E1B-28BC-497B-8309-01BE64867020}.Release|Any CPU.Build.0 = Release|Any CPU
	EndGlobalSection
	GlobalSection(SolutionProperties) = preSolution
		HideSolutionNode = FALSE
	EndGlobalSection
	GlobalSection(ExtensibilityGlobals) = postSolution
		SolutionGuid = {92824CEC-3794-4E91-A08D-CBC690726E60}
	EndGlobalSection
EndGlobal
